
Microsoft Visual Studio Solution File, Format Version 12.00
# Visual Studio 2013
VisualStudioVersion = 12.0.30723.0
MinimumVisualStudioVersion = 10.0.40219.1
Project("{FAE04EC0-301F-11D3-BF4B-00C04F79EFBC}") = "Web", "Web\Web.csproj", "{E8F4E1AC-3A1C-4E20-8C0F-5B263BA5C9EE}"
EndProject
Project("{FAE04EC0-301F-11D3-BF4B-00C04F79EFBC}") = "BLL", "BLL\BLL.csproj", "{28E58D2B-29E0-4CF0-8933-2C1DAEA2B027}"
EndProject
Project("{FAE04EC0-301F-11D3-BF4B-00C04F79EFBC}") = "ORM", "ORM\ORM.csproj", "{FA981DA8-10D6-4B07-A7E4-377C92C851BF}"
EndProject
Project("{FAE04EC0-301F-11D3-BF4B-00C04F79EFBC}") = "DAL.ORM", "DAL.ORM\DAL.ORM.csproj", "{B53DD793-5D0E-4294-A143-D5EEB9445913}"
EndProject
Project("{FAE04EC0-301F-11D3-BF4B-00C04F79EFBC}") = "DI", "DI\DI.csproj", "{50439242-38D4-4535-B4B4-88AD8053A2AA}"
EndProject
Global
	GlobalSection(SolutionConfigurationPlatforms) = preSolution
		Debug|Any CPU = Debug|Any CPU
		Release|Any CPU = Release|Any CPU
	EndGlobalSection
	GlobalSection(ProjectConfigurationPlatforms) = postSolution
		{E8F4E1AC-3A1C-4E20-8C0F-5B263BA5C9EE}.Debug|Any CPU.ActiveCfg = Debug|Any CPU
		{E8F4E1AC-3A1C-4E20-8C0F-5B263BA5C9EE}.Debug|Any CPU.Build.0 = Debug|Any CPU
		{E8F4E1AC-3A1C-4E20-8C0F-5B263BA5C9EE}.Release|Any CPU.ActiveCfg = Release|Any CPU
		{E8F4E1AC-3A1C-4E20-8C0F-5B263BA5C9EE}.Release|Any CPU.Build.0 = Release|Any CPU
		{28E58D2B-29E0-4CF0-8933-2C1DAEA2B027}.Debug|Any CPU.ActiveCfg = Debug|Any CPU
		{28E58D2B-29E0-4CF0-8933-2C1DAEA2B027}.Debug|Any CPU.Build.0 = Debug|Any CPU
		{28E58D2B-29E0-4CF0-8933-2C1DAEA2B027}.Release|Any CPU.ActiveCfg = Release|Any CPU
		{28E58D2B-29E0-4CF0-8933-2C1DAEA2B027}.Release|Any CPU.Build.0 = Release|Any CPU
		{FA981DA8-10D6-4B07-A7E4-377C92C851BF}.Debug|Any CPU.ActiveCfg = Debug|Any CPU
		{FA981DA8-10D6-4B07-A7E4-377C92C851BF}.Debug|Any CPU.Build.0 = Debug|Any CPU
		{FA981DA8-10D6-4B07-A7E4-377C92C851BF}.Release|Any CPU.ActiveCfg = Release|Any CPU
		{FA981DA8-10D6-4B07-A7E4-377C92C851BF}.Release|Any CPU.Build.0 = Release|Any CPU
		{B53DD793-5D0E-4294-A143-D5EEB9445913}.Debug|Any CPU.ActiveCfg = Debug|Any CPU
		{B53DD793-5D0E-4294-A143-D5EEB9445913}.Debug|Any CPU.Build.0 = Debug|Any CPU
		{B53DD793-5D0E-4294-A143-D5EEB9445913}.Release|Any CPU.ActiveCfg = Release|Any CPU
		{B53DD793-5D0E-4294-A143-D5EEB9445913}.Release|Any CPU.Build.0 = Release|Any CPU
		{50439242-38D4-4535-B4B4-88AD8053A2AA}.Debug|Any CPU.ActiveCfg = Debug|Any CPU
		{50439242-38D4-4535-B4B4-88AD8053A2AA}.Debug|Any CPU.Build.0 = Debug|Any CPU
		{50439242-38D4-4535-B4B4-88AD8053A2AA}.Release|Any CPU.ActiveCfg = Release|Any CPU
		{50439242-38D4-4535-B4B4-88AD8053A2AA}.Release|Any CPU.Build.0 = Release|Any CPU
	EndGlobalSection
	GlobalSection(SolutionProperties) = preSolution
		HideSolutionNode = FALSE
	EndGlobalSection
EndGlobal
